
Microsoft Visual Studio Solution File, Format Version 12.00
# Visual Studio Version 17
VisualStudioVersion = 17.8.34525.116
MinimumVisualStudioVersion = 10.0.40219.1
Project("{FAE04EC0-301F-11D3-BF4B-00C04F79EFBC}") = "Task1", "Task1.csproj", "{13B784F6-AD69-4A21-9785-B9ADC76F7A55}"
EndProject
Project("{FAE04EC0-301F-11D3-BF4B-00C04F79EFBC}") = "Task2", "..\Task2\Task2.csproj", "{8908EDAC-C326-4BC9-9CB7-4AB5CB89B3C8}"
EndProject
Project("{FAE04EC0-301F-11D3-BF4B-00C04F79EFBC}") = "Task3", "..\Task3\Task3.csproj", "{21F996BF-C78B-4E30-947F-0D6786A9595E}"
EndProject
Project("{FAE04EC0-301F-11D3-BF4B-00C04F79EFBC}") = "Task4", "..\Task4\Task4.csproj", "{5B8F70D9-BD6F-42F1-B550-D81605B548B3}"
EndProject
Global
	GlobalSection(SolutionConfigurationPlatforms) = preSolution
		Debug|Any CPU = Debug|Any CPU
		Release|Any CPU = Release|Any CPU
	EndGlobalSection
	GlobalSection(ProjectConfigurationPlatforms) = postSolution
		{13B784F6-AD69-4A21-9785-B9ADC76F7A55}.Debug|Any CPU.ActiveCfg = Debug|Any CPU
		{13B784F6-AD69-4A21-9785-B9ADC76F7A55}.Debug|Any CPU.Build.0 = Debug|Any CPU
		{13B784F6-AD69-4A21-9785-B9ADC76F7A55}.Release|Any CPU.ActiveCfg = Release|Any CPU
		{13B784F6-AD69-4A21-9785-B9ADC76F7A55}.Release|Any CPU.Build.0 = Release|Any CPU
		{8908EDAC-C326-4BC9-9CB7-4AB5CB89B3C8}.Debug|Any CPU.ActiveCfg = Debug|Any CPU
		{8908EDAC-C326-4BC9-9CB7-4AB5CB89B3C8}.Debug|Any CPU.Build.0 = Debug|Any CPU
		{8908EDAC-C326-4BC9-9CB7-4AB5CB89B3C8}.Release|Any CPU.ActiveCfg = Release|Any CPU
		{8908EDAC-C326-4BC9-9CB7-4AB5CB89B3C8}.Release|Any CPU.Build.0 = Release|Any CPU
		{21F996BF-C78B-4E30-947F-0D6786A9595E}.Debug|Any CPU.ActiveCfg = Debug|Any CPU
		{21F996BF-C78B-4E30-947F-0D6786A9595E}.Debug|Any CPU.Build.0 = Debug|Any CPU
		{21F996BF-C78B-4E30-947F-0D6786A9595E}.Release|Any CPU.ActiveCfg = Release|Any CPU
		{21F996BF-C78B-4E30-947F-0D6786A9595E}.Release|Any CPU.Build.0 = Release|Any CPU
		{5B8F70D9-BD6F-42F1-B550-D81605B548B3}.Debug|Any CPU.ActiveCfg = Debug|Any CPU
		{5B8F70D9-BD6F-42F1-B550-D81605B548B3}.Debug|Any CPU.Build.0 = Debug|Any CPU
		{5B8F70D9-BD6F-42F1-B550-D81605B548B3}.Release|Any CPU.ActiveCfg = Release|Any CPU
		{5B8F70D9-BD6F-42F1-B550-D81605B548B3}.Release|Any CPU.Build.0 = Release|Any CPU
	EndGlobalSection
	GlobalSection(SolutionProperties) = preSolution
		HideSolutionNode = FALSE
	EndGlobalSection
	GlobalSection(ExtensibilityGlobals) = postSolution
		SolutionGuid = {12F9AE22-B760-4F7F-8E98-BB086F016594}
	EndGlobalSection
EndGlobal
